
Microsoft Visual Studio Solution File, Format Version 12.00
# Visual Studio 2012
VisualStudioVersion = 14.0.23107.0
MinimumVisualStudioVersion = 10.0.40219.1
Project("{FAE04EC0-301F-11D3-BF4B-00C04F79EFBC}") = "Starksoft.Aspen", "Starksoft.Aspen\Starksoft.Aspen.csproj", "{5F228FCD-54F1-491D-93CE-3D768655FADC}"
EndProject
Project("{FAE04EC0-301F-11D3-BF4B-00C04F79EFBC}") = "Starksoft.Aspen.Test", "Starksoft.Aspen.Test\Starksoft.Aspen.Test.csproj", "{08312AE3-C8D0-419A-86F4-C6D2B228722F}"
EndProject
Global
	GlobalSection(SolutionConfigurationPlatforms) = preSolution
		Debug|Any CPU = Debug|Any CPU
		Release|Any CPU = Release|Any CPU
	EndGlobalSection
	GlobalSection(ProjectConfigurationPlatforms) = postSolution
		{08312AE3-C8D0-419A-86F4-C6D2B228722F}.Debug|Any CPU.ActiveCfg = Debug|Any CPU
		{08312AE3-C8D0-419A-86F4-C6D2B228722F}.Debug|Any CPU.Build.0 = Debug|Any CPU
		{08312AE3-C8D0-419A-86F4-C6D2B228722F}.Release|Any CPU.ActiveCfg = Release|Any CPU
		{08312AE3-C8D0-419A-86F4-C6D2B228722F}.Release|Any CPU.Build.0 = Release|Any CPU
		{5F228FCD-54F1-491D-93CE-3D768655FADC}.Debug|Any CPU.ActiveCfg = Debug|Any CPU
		{5F228FCD-54F1-491D-93CE-3D768655FADC}.Debug|Any CPU.Build.0 = Debug|Any CPU
		{5F228FCD-54F1-491D-93CE-3D768655FADC}.Release|Any CPU.ActiveCfg = Release|Any CPU
		{5F228FCD-54F1-491D-93CE-3D768655FADC}.Release|Any CPU.Build.0 = Release|Any CPU
	EndGlobalSection
	GlobalSection(SolutionProperties) = preSolution
		HideSolutionNode = FALSE
	EndGlobalSection
EndGlobal
